
Microsoft Visual Studio Solution File, Format Version 12.00
# Visual Studio Version 16
VisualStudioVersion = 16.0.29728.190
MinimumVisualStudioVersion = 10.0.40219.1
Project("{FAE04EC0-301F-11D3-BF4B-00C04F79EFBC}") = "CodeFirstExample", "CodeFirstExample\CodeFirstExample.csproj", "{59999778-C0EF-4664-8060-CAB6E5934E80}"
EndProject
Project("{FAE04EC0-301F-11D3-BF4B-00C04F79EFBC}") = "PostExample", "PostExample\PostExample.csproj", "{FEB8CA3B-251E-4B9C-A703-E5631928B773}"
EndProject
Project("{FAE04EC0-301F-11D3-BF4B-00C04F79EFBC}") = "Home-Work(Address)", "Home-Work\Home-Work(Address).csproj", "{E0ADC37D-8BC4-49A6-96F3-947C4E6099F6}"
EndProject
Global
	GlobalSection(SolutionConfigurationPlatforms) = preSolution
		Debug|Any CPU = Debug|Any CPU
		Release|Any CPU = Release|Any CPU
	EndGlobalSection
	GlobalSection(ProjectConfigurationPlatforms) = postSolution
		{59999778-C0EF-4664-8060-CAB6E5934E80}.Debug|Any CPU.ActiveCfg = Debug|Any CPU
		{59999778-C0EF-4664-8060-CAB6E5934E80}.Debug|Any CPU.Build.0 = Debug|Any CPU
		{59999778-C0EF-4664-8060-CAB6E5934E80}.Release|Any CPU.ActiveCfg = Release|Any CPU
		{59999778-C0EF-4664-8060-CAB6E5934E80}.Release|Any CPU.Build.0 = Release|Any CPU
		{FEB8CA3B-251E-4B9C-A703-E5631928B773}.Debug|Any CPU.ActiveCfg = Debug|Any CPU
		{FEB8CA3B-251E-4B9C-A703-E5631928B773}.Debug|Any CPU.Build.0 = Debug|Any CPU
		{FEB8CA3B-251E-4B9C-A703-E5631928B773}.Release|Any CPU.ActiveCfg = Release|Any CPU
		{FEB8CA3B-251E-4B9C-A703-E5631928B773}.Release|Any CPU.Build.0 = Release|Any CPU
		{E0ADC37D-8BC4-49A6-96F3-947C4E6099F6}.Debug|Any CPU.ActiveCfg = Debug|Any CPU
		{E0ADC37D-8BC4-49A6-96F3-947C4E6099F6}.Debug|Any CPU.Build.0 = Debug|Any CPU
		{E0ADC37D-8BC4-49A6-96F3-947C4E6099F6}.Release|Any CPU.ActiveCfg = Release|Any CPU
		{E0ADC37D-8BC4-49A6-96F3-947C4E6099F6}.Release|Any CPU.Build.0 = Release|Any CPU
	EndGlobalSection
	GlobalSection(SolutionProperties) = preSolution
		HideSolutionNode = FALSE
	EndGlobalSection
	GlobalSection(ExtensibilityGlobals) = postSolution
		SolutionGuid = {97C533A9-3BAF-415A-99A7-DF8618F66C68}
	EndGlobalSection
EndGlobal
