
Microsoft Visual Studio Solution File, Format Version 12.00
# Visual Studio Version 16
VisualStudioVersion = 16.0.29209.62
MinimumVisualStudioVersion = 10.0.40219.1
Project("{FAE04EC0-301F-11D3-BF4B-00C04F79EFBC}") = "ShopFilters", "ShopFilters\ShopFilters.csproj", "{DCDC08EE-1BBB-4A5C-9289-BADE34B157F1}"
EndProject
Project("{FAE04EC0-301F-11D3-BF4B-00C04F79EFBC}") = "DAL", "DAL\DAL.csproj", "{C3103675-5DAE-4AA1-9859-E241CF0BCD62}"
EndProject
Project("{FAE04EC0-301F-11D3-BF4B-00C04F79EFBC}") = "ShopTest", "ShopTest\ShopTest.csproj", "{3EFE7CD1-E87B-47A8-AD2C-BAB77CB4A288}"
EndProject
Project("{FAE04EC0-301F-11D3-BF4B-00C04F79EFBC}") = "BLL", "BLL\BLL.csproj", "{56CAC9B2-708B-4C45-8596-9958C80FF77F}"
EndProject
Global
	GlobalSection(SolutionConfigurationPlatforms) = preSolution
		Debug|Any CPU = Debug|Any CPU
		Release|Any CPU = Release|Any CPU
	EndGlobalSection
	GlobalSection(ProjectConfigurationPlatforms) = postSolution
		{DCDC08EE-1BBB-4A5C-9289-BADE34B157F1}.Debug|Any CPU.ActiveCfg = Debug|Any CPU
		{DCDC08EE-1BBB-4A5C-9289-BADE34B157F1}.Debug|Any CPU.Build.0 = Debug|Any CPU
		{DCDC08EE-1BBB-4A5C-9289-BADE34B157F1}.Release|Any CPU.ActiveCfg = Release|Any CPU
		{DCDC08EE-1BBB-4A5C-9289-BADE34B157F1}.Release|Any CPU.Build.0 = Release|Any CPU
		{C3103675-5DAE-4AA1-9859-E241CF0BCD62}.Debug|Any CPU.ActiveCfg = Debug|Any CPU
		{C3103675-5DAE-4AA1-9859-E241CF0BCD62}.Debug|Any CPU.Build.0 = Debug|Any CPU
		{C3103675-5DAE-4AA1-9859-E241CF0BCD62}.Release|Any CPU.ActiveCfg = Release|Any CPU
		{C3103675-5DAE-4AA1-9859-E241CF0BCD62}.Release|Any CPU.Build.0 = Release|Any CPU
		{3EFE7CD1-E87B-47A8-AD2C-BAB77CB4A288}.Debug|Any CPU.ActiveCfg = Debug|Any CPU
		{3EFE7CD1-E87B-47A8-AD2C-BAB77CB4A288}.Debug|Any CPU.Build.0 = Debug|Any CPU
		{3EFE7CD1-E87B-47A8-AD2C-BAB77CB4A288}.Release|Any CPU.ActiveCfg = Release|Any CPU
		{3EFE7CD1-E87B-47A8-AD2C-BAB77CB4A288}.Release|Any CPU.Build.0 = Release|Any CPU
		{56CAC9B2-708B-4C45-8596-9958C80FF77F}.Debug|Any CPU.ActiveCfg = Debug|Any CPU
		{56CAC9B2-708B-4C45-8596-9958C80FF77F}.Debug|Any CPU.Build.0 = Debug|Any CPU
		{56CAC9B2-708B-4C45-8596-9958C80FF77F}.Release|Any CPU.ActiveCfg = Release|Any CPU
		{56CAC9B2-708B-4C45-8596-9958C80FF77F}.Release|Any CPU.Build.0 = Release|Any CPU
	EndGlobalSection
	GlobalSection(SolutionProperties) = preSolution
		HideSolutionNode = FALSE
	EndGlobalSection
	GlobalSection(ExtensibilityGlobals) = postSolution
		SolutionGuid = {CA0D6EDD-A8C4-409A-AFD7-2068E51074D1}
	EndGlobalSection
EndGlobal
