
Microsoft Visual Studio Solution File, Format Version 12.00
# Visual Studio Version 16
VisualStudioVersion = 16.0.29806.167
MinimumVisualStudioVersion = 10.0.40219.1
Project("{FAE04EC0-301F-11D3-BF4B-00C04F79EFBC}") = "Worker", "Worker\Worker.csproj", "{E4D82FD8-3CDE-4BCA-B383-A383BAE087D5}"
EndProject
Global
	GlobalSection(SolutionConfigurationPlatforms) = preSolution
		Debug|Any CPU = Debug|Any CPU
		Release|Any CPU = Release|Any CPU
	EndGlobalSection
	GlobalSection(ProjectConfigurationPlatforms) = postSolution
		{E4D82FD8-3CDE-4BCA-B383-A383BAE087D5}.Debug|Any CPU.ActiveCfg = Debug|Any CPU
		{E4D82FD8-3CDE-4BCA-B383-A383BAE087D5}.Debug|Any CPU.Build.0 = Debug|Any CPU
		{E4D82FD8-3CDE-4BCA-B383-A383BAE087D5}.Release|Any CPU.ActiveCfg = Release|Any CPU
		{E4D82FD8-3CDE-4BCA-B383-A383BAE087D5}.Release|Any CPU.Build.0 = Release|Any CPU
	EndGlobalSection
	GlobalSection(SolutionProperties) = preSolution
		HideSolutionNode = FALSE
	EndGlobalSection
	GlobalSection(ExtensibilityGlobals) = postSolution
		SolutionGuid = {CB40509A-2B16-4C89-B916-8837B0A1A809}
	EndGlobalSection
EndGlobal
